
Microsoft Visual Studio Solution File, Format Version 12.00
# Visual Studio Version 17
VisualStudioVersion = 17.13.35919.96
MinimumVisualStudioVersion = 10.0.40219.1
Project("{FAE04EC0-301F-11D3-BF4B-00C04F79EFBC}") = "EasyMqttLib", "EasyMqttLib\EasyMqttLib.csproj", "{AAD2769B-9C22-4FBF-96BD-CF65A353CA72}"
EndProject
Project("{FAE04EC0-301F-11D3-BF4B-00C04F79EFBC}") = "EasyMqttBrokerService", "EasyMqttBrokerService\EasyMqttBrokerService.csproj", "{FF19DD54-12C6-4BEE-A7B5-968BD36D4344}"
EndProject
Project("{FAE04EC0-301F-11D3-BF4B-00C04F79EFBC}") = "EasyBrokerConsole", "EasyBrokerConsole\EasyBrokerConsole.csproj", "{D141AAF4-91C9-4DAB-9DCA-B93E1DEE3410}"
EndProject
Global
	GlobalSection(SolutionConfigurationPlatforms) = preSolution
		Debug|Any CPU = Debug|Any CPU
		Release|Any CPU = Release|Any CPU
	EndGlobalSection
	GlobalSection(ProjectConfigurationPlatforms) = postSolution
		{AAD2769B-9C22-4FBF-96BD-CF65A353CA72}.Debug|Any CPU.ActiveCfg = Debug|Any CPU
		{AAD2769B-9C22-4FBF-96BD-CF65A353CA72}.Debug|Any CPU.Build.0 = Debug|Any CPU
		{AAD2769B-9C22-4FBF-96BD-CF65A353CA72}.Release|Any CPU.ActiveCfg = Release|Any CPU
		{AAD2769B-9C22-4FBF-96BD-CF65A353CA72}.Release|Any CPU.Build.0 = Release|Any CPU
		{FF19DD54-12C6-4BEE-A7B5-968BD36D4344}.Debug|Any CPU.ActiveCfg = Debug|Any CPU
		{FF19DD54-12C6-4BEE-A7B5-968BD36D4344}.Debug|Any CPU.Build.0 = Debug|Any CPU
		{FF19DD54-12C6-4BEE-A7B5-968BD36D4344}.Release|Any CPU.ActiveCfg = Release|Any CPU
		{FF19DD54-12C6-4BEE-A7B5-968BD36D4344}.Release|Any CPU.Build.0 = Release|Any CPU
		{D141AAF4-91C9-4DAB-9DCA-B93E1DEE3410}.Debug|Any CPU.ActiveCfg = Debug|Any CPU
		{D141AAF4-91C9-4DAB-9DCA-B93E1DEE3410}.Debug|Any CPU.Build.0 = Debug|Any CPU
		{D141AAF4-91C9-4DAB-9DCA-B93E1DEE3410}.Release|Any CPU.ActiveCfg = Release|Any CPU
		{D141AAF4-91C9-4DAB-9DCA-B93E1DEE3410}.Release|Any CPU.Build.0 = Release|Any CPU
	EndGlobalSection
	GlobalSection(SolutionProperties) = preSolution
		HideSolutionNode = FALSE
	EndGlobalSection
	GlobalSection(ExtensibilityGlobals) = postSolution
		SolutionGuid = {0D40E859-2E89-47C7-844D-FF0BAF15A0B1}
	EndGlobalSection
EndGlobal
